// !$*UTF8*$!
{
	archiveVersion = 1;
	classes = {
	};
	objectVersion = 50;
	objects = {

/* Begin PBXBuildFile section */
		49FDF30A20FB305000D9F4E8 /* AppDelegate.swift in Sources */ = {isa = PBXBuildFile; fileRef = 49FDF30920FB305000D9F4E8 /* AppDelegate.swift */; };
		49FDF30C20FB305000D9F4E8 /* ViewController.swift in Sources */ = {isa = PBXBuildFile; fileRef = 49FDF30B20FB305000D9F4E8 /* ViewController.swift */; };
		49FDF30F20FB305000D9F4E8 /* Main.storyboard in Resources */ = {isa = PBXBuildFile; fileRef = 49FDF30D20FB305000D9F4E8 /* Main.storyboard */; };
		49FDF31120FB305100D9F4E8 /* Assets.xcassets in Resources */ = {isa = PBXBuildFile; fileRef = 49FDF31020FB305100D9F4E8 /* Assets.xcassets */; };
		49FDF31420FB305100D9F4E8 /* LaunchScreen.storyboard in Resources */ = {isa = PBXBuildFile; fileRef = 49FDF31220FB305100D9F4E8 /* LaunchScreen.storyboard */; };
		49FDF31F20FB305100D9F4E8 /* FaceDetectorTests.swift in Sources */ = {isa = PBXBuildFile; fileRef = 49FDF31E20FB305100D9F4E8 /* FaceDetectorTests.swift */; };
		49FDF32A20FB305100D9F4E8 /* FaceDetectorUITests.swift in Sources */ = {isa = PBXBuildFile; fileRef = 49FDF32920FB305100D9F4E8 /* FaceDetectorUITests.swift */; };
/* End PBXBuildFile section */

/* Begin PBXContainerItemProxy section */
		49FDF31B20FB305100D9F4E8 /* PBXContainerItemProxy */ = {
			isa = PBXContainerItemProxy;
			containerPortal = 49FDF2FE20FB305000D9F4E8 /* Project object */;
			proxyType = 1;
			remoteGlobalIDString = 49FDF30520FB305000D9F4E8;
			remoteInfo = FaceDetector;
		};
		49FDF32620FB305100D9F4E8 /* PBXContainerItemProxy */ = {
			isa = PBXContainerItemProxy;
			containerPortal = 49FDF2FE20FB305000D9F4E8 /* Project object */;
			proxyType = 1;
			remoteGlobalIDString = 49FDF30520FB305000D9F4E8;
			remoteInfo = FaceDetector;
		};
/* End PBXContainerItemProxy section */

/* Begin PBXFileReference section */
		49FDF30620FB305000D9F4E8 /* FaceDetector.app */ = {isa = PBXFileReference; explicitFileType = wrapper.application; includeInIndex = 0; path = FaceDetector.app; sourceTree = BUILT_PRODUCTS_DIR; };
		49FDF30920FB305000D9F4E8 /* AppDelegate.swift */ = {isa = PBXFileReference; lastKnownFileType = sourcecode.swift; path = AppDelegate.swift; sourceTree = "<group>"; };
		49FDF30B20FB305000D9F4E8 /* ViewController.swift */ = {isa = PBXFileReference; lastKnownFileType = sourcecode.swift; path = ViewController.swift; sourceTree = "<group>"; };
		49FDF30E20FB305000D9F4E8 /* Base */ = {isa = PBXFileReference; lastKnownFileType = file.storyboard; name = Base; path = Base.lproj/Main.storyboard; sourceTree = "<group>"; };
		49FDF31020FB305100D9F4E8 /* Assets.xcassets */ = {isa = PBXFileReference; lastKnownFileType = folder.assetcatalog; path = Assets.xcassets; sourceTree = "<group>"; };
		49FDF31320FB305100D9F4E8 /* Base */ = {isa = PBXFileReference; lastKnownFileType = file.storyboard; name = Base; path = Base.lproj/LaunchScreen.storyboard; sourceTree = "<group>"; };
		49FDF31520FB305100D9F4E8 /* Info.plist */ = {isa = PBXFileReference; lastKnownFileType = text.plist.xml; path = Info.plist; sourceTree = "<group>"; };
		49FDF31A20FB305100D9F4E8 /* FaceDetectorTests.xctest */ = {isa = PBXFileReference; explicitFileType = wrapper.cfbundle; includeInIndex = 0; path = FaceDetectorTests.xctest; sourceTree = BUILT_PRODUCTS_DIR; };
		49FDF31E20FB305100D9F4E8 /* FaceDetectorTests.swift */ = {isa = PBXFileReference; lastKnownFileType = sourcecode.swift; path = FaceDetectorTests.swift; sourceTree = "<group>"; };
		49FDF32020FB305100D9F4E8 /* Info.plist */ = {isa = PBXFileReference; lastKnownFileType = text.plist.xml; path = Info.plist; sourceTree = "<group>"; };
		49FDF32520FB305100D9F4E8 /* FaceDetectorUITests.xctest */ = {isa = PBXFileReference; explicitFileType = wrapper.cfbundle; includeInIndex = 0; path = FaceDetectorUITests.xctest; sourceTree = BUILT_PRODUCTS_DIR; };
		49FDF32920FB305100D9F4E8 /* FaceDetectorUITests.swift */ = {isa = PBXFileReference; lastKnownFileType = sourcecode.swift; path = FaceDetectorUITests.swift; sourceTree = "<group>"; };
		49FDF32B20FB305100D9F4E8 /* Info.plist */ = {isa = PBXFileReference; lastKnownFileType = text.plist.xml; path = Info.plist; sourceTree = "<group>"; };
/* End PBXFileReference section */

/* Begin PBXFrameworksBuildPhase section */
		49FDF30320FB305000D9F4E8 /* Frameworks */ = {
			isa = PBXFrameworksBuildPhase;
			buildActionMask = 2147483647;
			files = (
			);
			runOnlyForDeploymentPostprocessing = 0;
		};
		49FDF31720FB305100D9F4E8 /* Frameworks */ = {
			isa = PBXFrameworksBuildPhase;
			buildActionMask = 2147483647;
			files = (
			);
			runOnlyForDeploymentPostprocessing = 0;
		};
		49FDF32220FB305100D9F4E8 /* Frameworks */ = {
			isa = PBXFrameworksBuildPhase;
			buildActionMask = 2147483647;
			files = (
			);
			runOnlyForDeploymentPostprocessing = 0;
		};
/* End PBXFrameworksBuildPhase section */

/* Begin PBXGroup section */
		49FDF2FD20FB305000D9F4E8 = {
			isa = PBXGroup;
			children = (
				49FDF30820FB305000D9F4E8 /* FaceDetector */,
				49FDF31D20FB305100D9F4E8 /* FaceDetectorTests */,
				49FDF32820FB305100D9F4E8 /* FaceDetectorUITests */,
				49FDF30720FB305000D9F4E8 /* Products */,
			);
			sourceTree = "<group>";
		};
		49FDF30720FB305000D9F4E8 /* Products */ = {
			isa = PBXGroup;
			children = (
				49FDF30620FB305000D9F4E8 /* FaceDetector.app */,
				49FDF31A20FB305100D9F4E8 /* FaceDetectorTests.xctest */,
				49FDF32520FB305100D9F4E8 /* FaceDetectorUITests.xctest */,
			);
			name = Products;
			sourceTree = "<group>";
		};
		49FDF30820FB305000D9F4E8 /* FaceDetector */ = {
			isa = PBXGroup;
			children = (
				49FDF30920FB305000D9F4E8 /* AppDelegate.swift */,
				49FDF30B20FB305000D9F4E8 /* ViewController.swift */,
				49FDF30D20FB305000D9F4E8 /* Main.storyboard */,
				49FDF31020FB305100D9F4E8 /* Assets.xcassets */,
				49FDF31220FB305100D9F4E8 /* LaunchScreen.storyboard */,
				49FDF31520FB305100D9F4E8 /* Info.plist */,
			);
			path = FaceDetector;
			sourceTree = "<group>";
		};
		49FDF31D20FB305100D9F4E8 /* FaceDetectorTests */ = {
			isa = PBXGroup;
			children = (
				49FDF31E20FB305100D9F4E8 /* FaceDetectorTests.swift */,
				49FDF32020FB305100D9F4E8 /* Info.plist */,
			);
			path = FaceDetectorTests;
			sourceTree = "<group>";
		};
		49FDF32820FB305100D9F4E8 /* FaceDetectorUITests */ = {
			isa = PBXGroup;
			children = (
				49FDF32920FB305100D9F4E8 /* FaceDetectorUITests.swift */,
				49FDF32B20FB305100D9F4E8 /* Info.plist */,
			);
			path = FaceDetectorUITests;
			sourceTree = "<group>";
		};
/* End PBXGroup section */

/* Begin PBXNativeTarget section */
		49FDF30520FB305000D9F4E8 /* FaceDetector */ = {
			isa = PBXNativeTarget;
			buildConfigurationList = 49FDF32E20FB305100D9F4E8 /* Build configuration list for PBXNativeTarget "FaceDetector" */;
			buildPhases = (
				49FDF30220FB305000D9F4E8 /* Sources */,
				49FDF30320FB305000D9F4E8 /* Frameworks */,
				49FDF30420FB305000D9F4E8 /* Resources */,
			);
			buildRules = (
			);
			dependencies = (
			);
			name = FaceDetector;
			productName = FaceDetector;
			productReference = 49FDF30620FB305000D9F4E8 /* FaceDetector.app */;
			productType = "com.apple.product-type.application";
		};
		49FDF31920FB305100D9F4E8 /* FaceDetectorTests */ = {
			isa = PBXNativeTarget;
			buildConfigurationList = 49FDF33120FB305100D9F4E8 /* Build configuration list for PBXNativeTarget "FaceDetectorTests" */;
			buildPhases = (
				49FDF31620FB305100D9F4E8 /* Sources */,
				49FDF31720FB305100D9F4E8 /* Frameworks */,
				49FDF31820FB305100D9F4E8 /* Resources */,
			);
			buildRules = (
			);
			dependencies = (
				49FDF31C20FB305100D9F4E8 /* PBXTargetDependency */,
			);
			name = FaceDetectorTests;
			productName = FaceDetectorTests;
			productReference = 49FDF31A20FB305100D9F4E8 /* FaceDetectorTests.xctest */;
			productType = "com.apple.product-type.bundle.unit-test";
		};
		49FDF32420FB305100D9F4E8 /* FaceDetectorUITests */ = {
			isa = PBXNativeTarget;
			buildConfigurationList = 49FDF33420FB305100D9F4E8 /* Build configuration list for PBXNativeTarget "FaceDetectorUITests" */;
			buildPhases = (
				49FDF32120FB305100D9F4E8 /* Sources */,
				49FDF32220FB305100D9F4E8 /* Frameworks */,
				49FDF32320FB305100D9F4E8 /* Resources */,
			);
			buildRules = (
			);
			dependencies = (
				49FDF32720FB305100D9F4E8 /* PBXTargetDependency */,
			);
			name = FaceDetectorUITests;
			productName = FaceDetectorUITests;
			productReference = 49FDF32520FB305100D9F4E8 /* FaceDetectorUITests.xctest */;
			productType = "com.apple.product-type.bundle.ui-testing";
		};
/* End PBXNativeTarget section */

/* Begin PBXProject section */
		49FDF2FE20FB305000D9F4E8 /* Project object */ = {
			isa = PBXProject;
			attributes = {
				LastSwiftUpdateCheck = 0940;
				LastUpgradeCheck = 0940;
				ORGANIZATIONNAME = com.biggerlab;
				TargetAttributes = {
					49FDF30520FB305000D9F4E8 = {
						CreatedOnToolsVersion = 9.4.1;
					};
					49FDF31920FB305100D9F4E8 = {
						CreatedOnToolsVersion = 9.4.1;
						TestTargetID = 49FDF30520FB305000D9F4E8;
					};
					49FDF32420FB305100D9F4E8 = {
						CreatedOnToolsVersion = 9.4.1;
						TestTargetID = 49FDF30520FB305000D9F4E8;
					};
				};
			};
			buildConfigurationList = 49FDF30120FB305000D9F4E8 /* Build configuration list for PBXProject "FaceDetector" */;
			compatibilityVersion = "Xcode 9.3";
			developmentRegion = en;
			hasScannedForEncodings = 0;
			knownRegions = (
				en,
				Base,
			);
			mainGroup = 49FDF2FD20FB305000D9F4E8;
			productRefGroup = 49FDF30720FB305000D9F4E8 /* Products */;
			projectDirPath = "";
			projectRoot = "";
			targets = (
				49FDF30520FB305000D9F4E8 /* FaceDetector */,
				49FDF31920FB305100D9F4E8 /* FaceDetectorTests */,
				49FDF32420FB305100D9F4E8 /* FaceDetectorUITests */,
			);
		};
/* End PBXProject section */

/* Begin PBXResourcesBuildPhase section */
		49FDF30420FB305000D9F4E8 /* Resources */ = {
			isa = PBXResourcesBuildPhase;
			buildActionMask = 2147483647;
			files = (
				49FDF31420FB305100D9F4E8 /* LaunchScreen.storyboard in Resources */,
				49FDF31120FB305100D9F4E8 /* Assets.xcassets in Resources */,
				49FDF30F20FB305000D9F4E8 /* Main.storyboard in Resources */,
			);
			runOnlyForDeploymentPostprocessing = 0;
		};
		49FDF31820FB305100D9F4E8 /* Resources */ = {
			isa = PBXResourcesBuildPhase;
			buildActionMask = 2147483647;
			files = (
			);
			runOnlyForDeploymentPostprocessing = 0;
		};
		49FDF32320FB305100D9F4E8 /* Resources */ = {
			isa = PBXResourcesBuildPhase;
			buildActionMask = 2147483647;
			files = (
			);
			runOnlyForDeploymentPostprocessing = 0;
		};
/* End PBXResourcesBuildPhase section */

/* Begin PBXSourcesBuildPhase section */
		49FDF30220FB305000D9F4E8 /* Sources */ = {
			isa = PBXSourcesBuildPhase;
			buildActionMask = 2147483647;
			files = (
				49FDF30C20FB305000D9F4E8 /* ViewController.swift in Sources */,
				49FDF30A20FB305000D9F4E8 /* AppDelegate.swift in Sources */,
			);
			runOnlyForDeploymentPostprocessing = 0;
		};
		49FDF31620FB305100D9F4E8 /* Sources */ = {
			isa = PBXSourcesBuildPhase;
			buildActionMask = 2147483647;
			files = (
				49FDF31F20FB305100D9F4E8 /* FaceDetectorTests.swift in Sources */,
			);
			runOnlyForDeploymentPostprocessing = 0;
		};
		49FDF32120FB305100D9F4E8 /* Sources */ = {
			isa = PBXSourcesBuildPhase;
			buildActionMask = 2147483647;
			files = (
				49FDF32A20FB305100D9F4E8 /* FaceDetectorUITests.swift in Sources */,
			);
			runOnlyForDeploymentPostprocessing = 0;
		};
/* End PBXSourcesBuildPhase section */

/* Begin PBXTargetDependency section */
		49FDF31C20FB305100D9F4E8 /* PBXTargetDependency */ = {
			isa = PBXTargetDependency;
			target = 49FDF30520FB305000D9F4E8 /* FaceDetector */;
			targetProxy = 49FDF31B20FB305100D9F4E8 /* PBXContainerItemProxy */;
		};
		49FDF32720FB305100D9F4E8 /* PBXTargetDependency */ = {
			isa = PBXTargetDependency;
			target = 49FDF30520FB305000D9F4E8 /* FaceDetector */;
			targetProxy = 49FDF32620FB305100D9F4E8 /* PBXContainerItemProxy */;
		};
/* End PBXTargetDependency section */

/* Begin PBXVariantGroup section */
		49FDF30D20FB305000D9F4E8 /* Main.storyboard */ = {
			isa = PBXVariantGroup;
			children = (
				49FDF30E20FB305000D9F4E8 /* Base */,
			);
			name = Main.storyboard;
			sourceTree = "<group>";
		};
		49FDF31220FB305100D9F4E8 /* LaunchScreen.storyboard */ = {
			isa = PBXVariantGroup;
			children = (
				49FDF31320FB305100D9F4E8 /* Base */,
			);
			name = LaunchScreen.storyboard;
			sourceTree = "<group>";
		};
/* End PBXVariantGroup section */

/* Begin XCBuildConfiguration section */
		49FDF32C20FB305100D9F4E8 /* Debug */ = {
			isa = XCBuildConfiguration;
			buildSettings = {
				ALWAYS_SEARCH_USER_PATHS = NO;
				CLANG_ANALYZER_NONNULL = YES;
				CLANG_ANALYZER_NUMBER_OBJECT_CONVERSION = YES_AGGRESSIVE;
				CLANG_CXX_LANGUAGE_STANDARD = "gnu++14";
				CLANG_CXX_LIBRARY = "libc++";
				CLANG_ENABLE_MODULES = YES;
				CLANG_ENABLE_OBJC_ARC = YES;
				CLANG_ENABLE_OBJC_WEAK = YES;
				CLANG_WARN_BLOCK_CAPTURE_AUTORELEASING = YES;
				CLANG_WARN_BOOL_CONVERSION = YES;
				CLANG_WARN_COMMA = YES;
				CLANG_WARN_CONSTANT_CONVERSION = YES;
				CLANG_WARN_DEPRECATED_OBJC_IMPLEMENTATIONS = YES;
				CLANG_WARN_DIRECT_OBJC_ISA_USAGE = YES_ERROR;
				CLANG_WARN_DOCUMENTATION_COMMENTS = YES;
				CLANG_WARN_EMPTY_BODY = YES;
				CLANG_WARN_ENUM_CONVERSION = YES;
				CLANG_WARN_INFINITE_RECURSION = YES;
				CLANG_WARN_INT_CONVERSION = YES;
				CLANG_WARN_NON_LITERAL_NULL_CONVERSION = YES;
				CLANG_WARN_OBJC_IMPLICIT_RETAIN_SELF = YES;
				CLANG_WARN_OBJC_LITERAL_CONVERSION = YES;
				CLANG_WARN_OBJC_ROOT_CLASS = YES_ERROR;
				CLANG_WARN_RANGE_LOOP_ANALYSIS = YES;
				CLANG_WARN_STRICT_PROTOTYPES = YES;
				CLANG_WARN_SUSPICIOUS_MOVE = YES;
				CLANG_WARN_UNGUARDED_AVAILABILITY = YES_AGGRESSIVE;
				CLANG_WARN_UNREACHABLE_CODE = YES;
				CLANG_WARN__DUPLICATE_METHOD_MATCH = YES;
				CODE_SIGN_IDENTITY = "iPhone Developer";
				COPY_PHASE_STRIP = NO;
				DEBUG_INFORMATION_FORMAT = dwarf;
				ENABLE_STRICT_OBJC_MSGSEND = YES;
				ENABLE_TESTABILITY = YES;
				GCC_C_LANGUAGE_STANDARD = gnu11;
				GCC_DYNAMIC_NO_PIC = NO;
				GCC_NO_COMMON_BLOCKS = YES;
				GCC_OPTIMIZATION_LEVEL = 0;
				GCC_PREPROCESSOR_DEFINITIONS = (
					"DEBUG=1",
					"$(inherited)",
				);
				GCC_WARN_64_TO_32_BIT_CONVERSION = YES;
				GCC_WARN_ABOUT_RETURN_TYPE = YES_ERROR;
				GCC_WARN_UNDECLARED_SELECTOR = YES;
				GCC_WARN_UNINITIALIZED_AUTOS = YES_AGGRESSIVE;
				GCC_WARN_UNUSED_FUNCTION = YES;
				GCC_WARN_UNUSED_VARIABLE = YES;
				IPHONEOS_DEPLOYMENT_TARGET = 11.4;
				MTL_ENABLE_DEBUG_INFO = YES;
				ONLY_ACTIVE_ARCH = YES;
				SDKROOT = iphoneos;
				SWIFT_ACTIVE_COMPILATION_CONDITIONS = DEBUG;
				SWIFT_OPTIMIZATION_LEVEL = "-Onone";
			};
			name = Debug;
		};
		49FDF32D20FB305100D9F4E8 /* Release */ = {
			isa = XCBuildConfiguration;
			buildSettings = {
				ALWAYS_SEARCH_USER_PATHS = NO;
				CLANG_ANALYZER_NONNULL = YES;
				CLANG_ANALYZER_NUMBER_OBJECT_CONVERSION = YES_AGGRESSIVE;
				CLANG_CXX_LANGUAGE_STANDARD = "gnu++14";
				CLANG_CXX_LIBRARY = "libc++";
				CLANG_ENABLE_MODULES = YES;
				CLANG_ENABLE_OBJC_ARC = YES;
				CLANG_ENABLE_OBJC_WEAK = YES;
				CLANG_WARN_BLOCK_CAPTURE_AUTORELEASING = YES;
				CLANG_WARN_BOOL_CONVERSION = YES;
				CLANG_WARN_COMMA = YES;
				CLANG_WARN_CONSTANT_CONVERSION = YES;
				CLANG_WARN_DEPRECATED_OBJC_IMPLEMENTATIONS = YES;
				CLANG_WARN_DIRECT_OBJC_ISA_USAGE = YES_ERROR;
				CLANG_WARN_DOCUMENTATION_COMMENTS = YES;
				CLANG_WARN_EMPTY_BODY = YES;
				CLANG_WARN_ENUM_CONVERSION = YES;
				CLANG_WARN_INFINITE_RECURSION = YES;
				CLANG_WARN_INT_CONVERSION = YES;
				CLANG_WARN_NON_LITERAL_NULL_CONVERSION = YES;
				CLANG_WARN_OBJC_IMPLICIT_RETAIN_SELF = YES;
				CLANG_WARN_OBJC_LITERAL_CONVERSION = YES;
				CLANG_WARN_OBJC_ROOT_CLASS = YES_ERROR;
				CLANG_WARN_RANGE_LOOP_ANALYSIS = YES;
				CLANG_WARN_STRICT_PROTOTYPES = YES;
				CLANG_WARN_SUSPICIOUS_MOVE = YES;
				CLANG_WARN_UNGUARDED_AVAILABILITY = YES_AGGRESSIVE;
				CLANG_WARN_UNREACHABLE_CODE = YES;
				CLANG_WARN__DUPLICATE_METHOD_MATCH = YES;
				CODE_SIGN_IDENTITY = "iPhone Developer";
				COPY_PHASE_STRIP = NO;
				DEBUG_INFORMATION_FORMAT = "dwarf-with-dsym";
				ENABLE_NS_ASSERTIONS = NO;
				ENABLE_STRICT_OBJC_MSGSEND = YES;
				GCC_C_LANGUAGE_STANDARD = gnu11;
				GCC_NO_COMMON_BLOCKS = YES;
				GCC_WARN_64_TO_32_BIT_CONVERSION = YES;
				GCC_WARN_ABOUT_RETURN_TYPE = YES_ERROR;
				GCC_WARN_UNDECLARED_SELECTOR = YES;
				GCC_WARN_UNINITIALIZED_AUTOS = YES_AGGRESSIVE;
				GCC_WARN_UNUSED_FUNCTION = YES;
				GCC_WARN_UNUSED_VARIABLE = YES;
				IPHONEOS_DEPLOYMENT_TARGET = 11.4;
				MTL_ENABLE_DEBUG_INFO = NO;
				SDKROOT = iphoneos;
				SWIFT_COMPILATION_MODE = wholemodule;
				SWIFT_OPTIMIZATION_LEVEL = "-O";
				VALIDATE_PRODUCT = YES;
			};
			name = Release;
		};
		49FDF32F20FB305100D9F4E8 /* Debug */ = {
			isa = XCBuildConfiguration;
			buildSettings = {
				ASSETCATALOG_COMPILER_APPICON_NAME = AppIcon;
				CODE_SIGN_STYLE = Automatic;
				DEVELOPMENT_TEAM = YWRCW7GW5W;
				INFOPLIST_FILE = FaceDetector/Info.plist;
				LD_RUNPATH_SEARCH_PATHS = (
					"$(inherited)",
					"@executable_path/Frameworks",
				);
				PRODUCT_BUNDLE_IDENTIFIER = com.biggerlab.FaceDetector;
				PRODUCT_NAME = "$(TARGET_NAME)";
				SWIFT_VERSION = 4.0;
				TARGETED_DEVICE_FAMILY = "1,2";
			};
			name = Debug;
		};
		49FDF33020FB305100D9F4E8 /* Release */ = {
			isa = XCBuildConfiguration;
			buildSettings = {
				ASSETCATALOG_COMPILER_APPICON_NAME = AppIcon;
				CODE_SIGN_STYLE = Automatic;
				DEVELOPMENT_TEAM = YWRCW7GW5W;
				INFOPLIST_FILE = FaceDetector/Info.plist;
				LD_RUNPATH_SEARCH_PATHS = (
					"$(inherited)",
					"@executable_path/Frameworks",
				);
				PRODUCT_BUNDLE_IDENTIFIER = com.biggerlab.FaceDetector;
				PRODUCT_NAME = "$(TARGET_NAME)";
				SWIFT_VERSION = 4.0;
				TARGETED_DEVICE_FAMILY = "1,2";
			};
			name = Release;
		};
		49FDF33220FB305100D9F4E8 /* Debug */ = {
			isa = XCBuildConfiguration;
			buildSettings = {
				ALWAYS_EMBED_SWIFT_STANDARD_LIBRARIES = YES;
				BUNDLE_LOADER = "$(TEST_HOST)";
				CODE_SIGN_STYLE = Automatic;
				DEVELOPMENT_TEAM = YWRCW7GW5W;
				INFOPLIST_FILE = FaceDetectorTests/Info.plist;
				LD_RUNPATH_SEARCH_PATHS = (
					"$(inherited)",
					"@executable_path/Frameworks",
					"@loader_path/Frameworks",
				);
				PRODUCT_BUNDLE_IDENTIFIER = com.biggerlab.FaceDetectorTests;
				PRODUCT_NAME = "$(TARGET_NAME)";
				SWIFT_VERSION = 4.0;
				TARGETED_DEVICE_FAMILY = "1,2";
				TEST_HOST = "$(BUILT_PRODUCTS_DIR)/FaceDetector.app/FaceDetector";
			};
			name = Debug;
		};
		49FDF33320FB305100D9F4E8 /* Release */ = {
			isa = XCBuildConfiguration;
			buildSettings = {
				ALWAYS_EMBED_SWIFT_STANDARD_LIBRARIES = YES;
				BUNDLE_LOADER = "$(TEST_HOST)";
				CODE_SIGN_STYLE = Automatic;
				DEVELOPMENT_TEAM = YWRCW7GW5W;
				INFOPLIST_FILE = FaceDetectorTests/Info.plist;
				LD_RUNPATH_SEARCH_PATHS = (
					"$(inherited)",
					"@executable_path/Frameworks",
					"@loader_path/Frameworks",
				);
				PRODUCT_BUNDLE_IDENTIFIER = com.biggerlab.FaceDetectorTests;
				PRODUCT_NAME = "$(TARGET_NAME)";
				SWIFT_VERSION = 4.0;
				TARGETED_DEVICE_FAMILY = "1,2";
				TEST_HOST = "$(BUILT_PRODUCTS_DIR)/FaceDetector.app/FaceDetector";
			};
			name = Release;
		};
		49FDF33520FB305100D9F4E8 /* Debug */ = {
			isa = XCBuildConfiguration;
			buildSettings = {
				ALWAYS_EMBED_SWIFT_STANDARD_LIBRARIES = YES;
				CODE_SIGN_STYLE = Automatic;
				DEVELOPMENT_TEAM = YWRCW7GW5W;
				INFOPLIST_FILE = FaceDetectorUITests/Info.plist;
				LD_RUNPATH_SEARCH_PATHS = (
					"$(inherited)",
					"@executable_path/Frameworks",
					"@loader_path/Frameworks",
				);
				PRODUCT_BUNDLE_IDENTIFIER = com.biggerlab.FaceDetectorUITests;
				PRODUCT_NAME = "$(TARGET_NAME)";
				SWIFT_VERSION = 4.0;
				TARGETED_DEVICE_FAMILY = "1,2";
				TEST_TARGET_NAME = FaceDetector;
			};
			name = Debug;
		};
		49FDF33620FB305100D9F4E8 /* Release */ = {
			isa = XCBuildConfiguration;
			buildSettings = {
				ALWAYS_EMBED_SWIFT_STANDARD_LIBRARIES = YES;
				CODE_SIGN_STYLE = Automatic;
				DEVELOPMENT_TEAM = YWRCW7GW5W;
				INFOPLIST_FILE = FaceDetectorUITests/Info.plist;
				LD_RUNPATH_SEARCH_PATHS = (
					"$(inherited)",
					"@executable_path/Frameworks",
					"@loader_path/Frameworks",
				);
				PRODUCT_BUNDLE_IDENTIFIER = com.biggerlab.FaceDetectorUITests;
				PRODUCT_NAME = "$(TARGET_NAME)";
				SWIFT_VERSION = 4.0;
				TARGETED_DEVICE_FAMILY = "1,2";
				TEST_TARGET_NAME = FaceDetector;
			};
			name = Release;
		};
/* End XCBuildConfiguration section */

/* Begin XCConfigurationList section */
		49FDF30120FB305000D9F4E8 /* Build configuration list for PBXProject "FaceDetector" */ = {
			isa = XCConfigurationList;
			buildConfigurations = (
				49FDF32C20FB305100D9F4E8 /* Debug */,
				49FDF32D20FB305100D9F4E8 /* Release */,
			);
			defaultConfigurationIsVisible = 0;
			defaultConfigurationName = Release;
		};
		49FDF32E20FB305100D9F4E8 /* Build configuration list for PBXNativeTarget "FaceDetector" */ = {
			isa = XCConfigurationList;
			buildConfigurations = (
				49FDF32F20FB305100D9F4E8 /* Debug */,
				49FDF33020FB305100D9F4E8 /* Release */,
			);
			defaultConfigurationIsVisible = 0;
			defaultConfigurationName = Release;
		};
		49FDF33120FB305100D9F4E8 /* Build configuration list for PBXNativeTarget "FaceDetectorTests" */ = {
			isa = XCConfigurationList;
			buildConfigurations = (
				49FDF33220FB305100D9F4E8 /* Debug */,
				49FDF33320FB305100D9F4E8 /* Release */,
			);
			defaultConfigurationIsVisible = 0;
			defaultConfigurationName = Release;
		};
		49FDF33420FB305100D9F4E8 /* Build configuration list for PBXNativeTarget "FaceDetectorUITests" */ = {
			isa = XCConfigurationList;
			buildConfigurations = (
				49FDF33520FB305100D9F4E8 /* Debug */,
				49FDF33620FB305100D9F4E8 /* Release */,
			);
			defaultConfigurationIsVisible = 0;
			defaultConfigurationName = Release;
		};
/* End XCConfigurationList section */
	};
	rootObject = 49FDF2FE20FB305000D9F4E8 /* Project object */;
}
